
Microsoft Visual Studio Solution File, Format Version 12.00
# Visual Studio Version 16
VisualStudioVersion = 16.0.30717.126
MinimumVisualStudioVersion = 10.0.40219.1
Project("{9A19103F-16F7-4668-BE54-9A1E7A4F7556}") = "WeatherFunctionApp", "FlightFunctionApp\WeatherFunctionApp.csproj", "{97EB7B69-1A28-4371-A170-930007AE125B}"
EndProject
Project("{FAE04EC0-301F-11D3-BF4B-00C04F79EFBC}") = "FlightFunctionApp", "Flights_\FlightFunctionApp\FlightFunctionApp.csproj", "{9DD3BC02-10EC-4BEE-8EDC-B8B26A7AABA0}"
EndProject
Global
	GlobalSection(SolutionConfigurationPlatforms) = preSolution
		Debug|Any CPU = Debug|Any CPU
		Release|Any CPU = Release|Any CPU
	EndGlobalSection
	GlobalSection(ProjectConfigurationPlatforms) = postSolution
		{97EB7B69-1A28-4371-A170-930007AE125B}.Debug|Any CPU.ActiveCfg = Debug|Any CPU
		{97EB7B69-1A28-4371-A170-930007AE125B}.Debug|Any CPU.Build.0 = Debug|Any CPU
		{97EB7B69-1A28-4371-A170-930007AE125B}.Release|Any CPU.ActiveCfg = Release|Any CPU
		{97EB7B69-1A28-4371-A170-930007AE125B}.Release|Any CPU.Build.0 = Release|Any CPU
		{9DD3BC02-10EC-4BEE-8EDC-B8B26A7AABA0}.Debug|Any CPU.ActiveCfg = Debug|Any CPU
		{9DD3BC02-10EC-4BEE-8EDC-B8B26A7AABA0}.Debug|Any CPU.Build.0 = Debug|Any CPU
		{9DD3BC02-10EC-4BEE-8EDC-B8B26A7AABA0}.Release|Any CPU.ActiveCfg = Release|Any CPU
		{9DD3BC02-10EC-4BEE-8EDC-B8B26A7AABA0}.Release|Any CPU.Build.0 = Release|Any CPU
	EndGlobalSection
	GlobalSection(SolutionProperties) = preSolution
		HideSolutionNode = FALSE
	EndGlobalSection
	GlobalSection(ExtensibilityGlobals) = postSolution
		SolutionGuid = {A80C8C68-9B0D-45EB-9010-4F5E4834FC51}
	EndGlobalSection
EndGlobal
